<?xml version="1.0" encoding="utf-8"?>
<Project ToolsVersion="4.0" xmlns="http://schemas.microsoft.com/developer/msbuild/2003">
  <ItemGroup>
    <Filter Include="src">
      <UniqueIdentifier>{8f54da3d-2478-4319-9ea9-0d4a126bcb8d}</UniqueIdentifier>
    </Filter>
    <Filter Include="inc">
      <UniqueIdentifier>{b738069c-17d8-4b08-a837-12213d88094b}</UniqueIdentifier>
    </Filter>
  </ItemGroup>
  <ItemGroup>
    <Text Include="Gcode_sample.txt" />
  </ItemGroup>
  <ItemGroup>
    <ClCompile Include="src\CTDw.cpp">
      <Filter>src</Filter>
    </ClCompile>
    <ClCompile Include="src\g_code.cpp">
      <Filter>src</Filter>
    </ClCompile>
    <ClCompile Include="src\main.cpp">
      <Filter>src</Filter>
    </ClCompile>
    <ClCompile Include="src\motor.cpp">
      <Filter>src</Filter>
    </ClCompile>
    <ClCompile Include="src\standard.cpp">
      <Filter>src</Filter>
    </ClCompile>
  </ItemGroup>
  <ItemGroup>
    <ClInclude Include="inc\CTD.h">
      <Filter>inc</Filter>
    </ClInclude>
    <ClInclude Include="inc\CTDw.h">
      <Filter>inc</Filter>
    </ClInclude>
    <ClInclude Include="inc\motor.hpp">
      <Filter>inc</Filter>
    </ClInclude>
    <ClInclude Include="inc\standard.hpp">
      <Filter>inc</Filter>
    </ClInclude>
    <ClInclude Include="inc\g_code.hpp">
      <Filter>inc</Filter>
    </ClInclude>
    <ClInclude Include="inc\config.hpp">
      <Filter>inc</Filter>
    </ClInclude>
  </ItemGroup>
</Project>